
Microsoft Visual Studio Solution File, Format Version 12.00
# Visual Studio 15
VisualStudioVersion = 15.0.35706.147
MinimumVisualStudioVersion = 10.0.40219.1
Project("{FAE04EC0-301F-11D3-BF4B-00C04F79EFBC}") = "TimerJobExample", "TimerJobs\TimerJobExample\TimerJobExample.csproj", "{DF6325D3-3019-40E5-98E2-0AE7D99B9083}"
EndProject
Project("{2150E333-8FDC-42A3-9474-1A3956D46DE8}") = "TimerJobs", "TimerJobs", "{AAEBAEB3-FF2E-4FEF-A528-D6E0C38184AC}"
EndProject
Project("{2150E333-8FDC-42A3-9474-1A3956D46DE8}") = "Cache", "Cache", "{0261161C-7F07-4A90-A9C8-5ACABAD51ABF}"
EndProject
Project("{2150E333-8FDC-42A3-9474-1A3956D46DE8}") = "CacheExample", "CacheExample", "{765214BA-8BE4-4EEB-9E06-E29EF0867711}"
EndProject
Project("{FAE04EC0-301F-11D3-BF4B-00C04F79EFBC}") = "CacheExample", "Cache\CacheExample\CacheExample.csproj", "{08C2A7B3-5E8A-4DE6-AEE4-5D1CF750B9B2}"
EndProject
Project("{FAE04EC0-301F-11D3-BF4B-00C04F79EFBC}") = "CacheExample.Test", "CacheExample.Test\CacheExample.Test.csproj", "{21BB04A0-1E71-43A7-A4E9-475010D4AAAD}"
EndProject
Global
	GlobalSection(SolutionConfigurationPlatforms) = preSolution
		Debug|Any CPU = Debug|Any CPU
		Release|Any CPU = Release|Any CPU
	EndGlobalSection
	GlobalSection(ProjectConfigurationPlatforms) = postSolution
		{DF6325D3-3019-40E5-98E2-0AE7D99B9083}.Debug|Any CPU.ActiveCfg = Debug|Any CPU
		{DF6325D3-3019-40E5-98E2-0AE7D99B9083}.Debug|Any CPU.Build.0 = Debug|Any CPU
		{DF6325D3-3019-40E5-98E2-0AE7D99B9083}.Debug|Any CPU.Deploy.0 = Debug|Any CPU
		{DF6325D3-3019-40E5-98E2-0AE7D99B9083}.Release|Any CPU.ActiveCfg = Release|Any CPU
		{DF6325D3-3019-40E5-98E2-0AE7D99B9083}.Release|Any CPU.Build.0 = Release|Any CPU
		{DF6325D3-3019-40E5-98E2-0AE7D99B9083}.Release|Any CPU.Deploy.0 = Release|Any CPU
		{08C2A7B3-5E8A-4DE6-AEE4-5D1CF750B9B2}.Debug|Any CPU.ActiveCfg = Debug|Any CPU
		{08C2A7B3-5E8A-4DE6-AEE4-5D1CF750B9B2}.Debug|Any CPU.Build.0 = Debug|Any CPU
		{08C2A7B3-5E8A-4DE6-AEE4-5D1CF750B9B2}.Release|Any CPU.ActiveCfg = Release|Any CPU
		{08C2A7B3-5E8A-4DE6-AEE4-5D1CF750B9B2}.Release|Any CPU.Build.0 = Release|Any CPU
		{21BB04A0-1E71-43A7-A4E9-475010D4AAAD}.Debug|Any CPU.ActiveCfg = Debug|Any CPU
		{21BB04A0-1E71-43A7-A4E9-475010D4AAAD}.Debug|Any CPU.Build.0 = Debug|Any CPU
		{21BB04A0-1E71-43A7-A4E9-475010D4AAAD}.Release|Any CPU.ActiveCfg = Release|Any CPU
		{21BB04A0-1E71-43A7-A4E9-475010D4AAAD}.Release|Any CPU.Build.0 = Release|Any CPU
	EndGlobalSection
	GlobalSection(SolutionProperties) = preSolution
		HideSolutionNode = FALSE
	EndGlobalSection
	GlobalSection(NestedProjects) = preSolution
		{DF6325D3-3019-40E5-98E2-0AE7D99B9083} = {AAEBAEB3-FF2E-4FEF-A528-D6E0C38184AC}
		{765214BA-8BE4-4EEB-9E06-E29EF0867711} = {0261161C-7F07-4A90-A9C8-5ACABAD51ABF}
		{08C2A7B3-5E8A-4DE6-AEE4-5D1CF750B9B2} = {765214BA-8BE4-4EEB-9E06-E29EF0867711}
		{21BB04A0-1E71-43A7-A4E9-475010D4AAAD} = {765214BA-8BE4-4EEB-9E06-E29EF0867711}
	EndGlobalSection
	GlobalSection(ExtensibilityGlobals) = postSolution
		SolutionGuid = {D9CAA26A-86B7-4449-8E6F-1EC0B9250457}
	EndGlobalSection
EndGlobal
